
Microsoft Visual Studio Solution File, Format Version 12.00
# Visual Studio Version 16
VisualStudioVersion = 16.0.31321.278
MinimumVisualStudioVersion = 10.0.40219.1
Project("{FAE04EC0-301F-11D3-BF4B-00C04F79EFBC}") = "AsyncExample", "AsyncExample\AsyncExample.csproj", "{7F26045E-8591-41EE-AFA6-D0D8383019D8}"
EndProject
Global
	GlobalSection(SolutionConfigurationPlatforms) = preSolution
		Debug|Any CPU = Debug|Any CPU
		Release|Any CPU = Release|Any CPU
	EndGlobalSection
	GlobalSection(ProjectConfigurationPlatforms) = postSolution
		{7F26045E-8591-41EE-AFA6-D0D8383019D8}.Debug|Any CPU.ActiveCfg = Debug|Any CPU
		{7F26045E-8591-41EE-AFA6-D0D8383019D8}.Debug|Any CPU.Build.0 = Debug|Any CPU
		{7F26045E-8591-41EE-AFA6-D0D8383019D8}.Release|Any CPU.ActiveCfg = Release|Any CPU
		{7F26045E-8591-41EE-AFA6-D0D8383019D8}.Release|Any CPU.Build.0 = Release|Any CPU
	EndGlobalSection
	GlobalSection(SolutionProperties) = preSolution
		HideSolutionNode = FALSE
	EndGlobalSection
	GlobalSection(ExtensibilityGlobals) = postSolution
		SolutionGuid = {60A396B7-348C-4B9B-998A-CD35F0FDE89B}
	EndGlobalSection
EndGlobal
