
Microsoft Visual Studio Solution File, Format Version 12.00
# Visual Studio Version 16
VisualStudioVersion = 16.0.31410.357
MinimumVisualStudioVersion = 10.0.40219.1
Project("{FAE04EC0-301F-11D3-BF4B-00C04F79EFBC}") = "DependencyInjection", "DependencyInjection\DependencyInjection.csproj", "{9A9B1E1B-ECE4-4FCF-A210-45AFE2131B97}"
EndProject
Global
	GlobalSection(SolutionConfigurationPlatforms) = preSolution
		Debug|Any CPU = Debug|Any CPU
		Release|Any CPU = Release|Any CPU
	EndGlobalSection
	GlobalSection(ProjectConfigurationPlatforms) = postSolution
		{9A9B1E1B-ECE4-4FCF-A210-45AFE2131B97}.Debug|Any CPU.ActiveCfg = Debug|Any CPU
		{9A9B1E1B-ECE4-4FCF-A210-45AFE2131B97}.Debug|Any CPU.Build.0 = Debug|Any CPU
		{9A9B1E1B-ECE4-4FCF-A210-45AFE2131B97}.Release|Any CPU.ActiveCfg = Release|Any CPU
		{9A9B1E1B-ECE4-4FCF-A210-45AFE2131B97}.Release|Any CPU.Build.0 = Release|Any CPU
	EndGlobalSection
	GlobalSection(SolutionProperties) = preSolution
		HideSolutionNode = FALSE
	EndGlobalSection
	GlobalSection(ExtensibilityGlobals) = postSolution
		SolutionGuid = {C001308C-15F4-4A03-9C61-30403AC061F9}
	EndGlobalSection
EndGlobal
